# THIS IS AN AUTOGENERATED FILE. DO NOT EDIT THIS FILE DIRECTLY.
# yarn lockfile v1


"@actions/core@^1.10.0":
  version "1.10.1"
  resolved "https://registry.yarnpkg.com/@actions/core/-/core-1.10.1.tgz#61108e7ac40acae95ee36da074fa5850ca4ced8a"
  integrity sha512-3lBR9EDAY+iYIpTnTIXmWcNbX3T2kCkAEQGIQx4NVQ0575nk2k3GRZDTPQG+vVtS2izSLmINlxXf0uLtnrTP+g==
  dependencies:
    "@actions/http-client" "^2.0.1"
    uuid "^8.3.2"

"@actions/github@^5.1.1":
  version "5.1.1"
  resolved "https://registry.yarnpkg.com/@actions/github/-/github-5.1.1.tgz#40b9b9e1323a5efcf4ff7dadd33d8ea51651bbcb"
  integrity sha512-Nk59rMDoJaV+mHCOJPXuvB1zIbomlKS0dmSIqPGxd0enAXBnOfn4VWF+CGtRCwXZG9Epa54tZA7VIRlJDS8A6g==
  dependencies:
    "@actions/http-client" "^2.0.1"
    "@octokit/core" "^3.6.0"
    "@octokit/plugin-paginate-rest" "^2.17.0"
    "@octokit/plugin-rest-endpoint-methods" "^5.13.0"

"@actions/http-client@^2.0.1":
  version "2.1.1"
  resolved "https://registry.yarnpkg.com/@actions/http-client/-/http-client-2.1.1.tgz#a8e97699c315bed0ecaeaaeb640948470d4586a0"
  integrity sha512-qhrkRMB40bbbLo7gF+0vu+X+UawOvQQqNAA/5Unx774RS8poaOhThDOG6BGmxvAnxhQnDp2BG/ZUm65xZILTpw==
  dependencies:
    tunnel "^0.0.6"

"@aws-crypto/crc32@3.0.0":
  version "3.0.0"
  resolved "https://registry.yarnpkg.com/@aws-crypto/crc32/-/crc32-3.0.0.tgz#07300eca214409c33e3ff769cd5697b57fdd38fa"
  integrity sha512-IzSgsrxUcsrejQbPVilIKy16kAT52EwB6zSaI+M3xxIhKh5+aldEyvI+z6erM7TCLB2BJsFrtHjp6/4/sr+3dA==
  dependencies:
    "@aws-crypto/util" "^3.0.0"
    "@aws-sdk/types" "^3.222.0"
    tslib "^1.11.1"

"@aws-crypto/ie11-detection@^3.0.0":
  version "3.0.0"
  resolved "https://registry.yarnpkg.com/@aws-crypto/ie11-detection/-/ie11-detection-3.0.0.tgz#640ae66b4ec3395cee6a8e94ebcd9f80c24cd688"
  integrity sha512-341lBBkiY1DfDNKai/wXM3aujNBkXR7tq1URPQDL9wi3AUbI80NR74uF1TXHMm7po1AcnFk8iu2S2IeU/+/A+Q==
  dependencies:
    tslib "^1.11.1"

"@aws-crypto/sha256-browser@3.0.0":
  version "3.0.0"
  resolved "https://registry.yarnpkg.com/@aws-crypto/sha256-browser/-/sha256-browser-3.0.0.tgz#05f160138ab893f1c6ba5be57cfd108f05827766"
  integrity sha512-8VLmW2B+gjFbU5uMeqtQM6Nj0/F1bro80xQXCW6CQBWgosFWXTx77aeOF5CAIAmbOK64SdMBJdNr6J41yP5mvQ==
  dependencies:
    "@aws-crypto/ie11-detection" "^3.0.0"
    "@aws-crypto/sha256-js" "^3.0.0"
    "@aws-crypto/supports-web-crypto" "^3.0.0"
    "@aws-crypto/util" "^3.0.0"
    "@aws-sdk/types" "^3.222.0"
    "@aws-sdk/util-locate-window" "^3.0.0"
    "@aws-sdk/util-utf8-browser" "^3.0.0"
    tslib "^1.11.1"

"@aws-crypto/sha256-js@3.0.0", "@aws-crypto/sha256-js@^3.0.0":
  version "3.0.0"
  resolved "https://registry.yarnpkg.com/@aws-crypto/sha256-js/-/sha256-js-3.0.0.tgz#f06b84d550d25521e60d2a0e2a90139341e007c2"
  integrity sha512-PnNN7os0+yd1XvXAy23CFOmTbMaDxgxXtTKHybrJ39Y8kGzBATgBFibWJKH6BhytLI/Zyszs87xCOBNyBig6vQ==
  dependencies:
    "@aws-crypto/util" "^3.0.0"
    "@aws-sdk/types" "^3.222.0"
    tslib "^1.11.1"

"@aws-crypto/supports-web-crypto@^3.0.0":
  version "3.0.0"
  resolved "https://registry.yarnpkg.com/@aws-crypto/supports-web-crypto/-/supports-web-crypto-3.0.0.tgz#5d1bf825afa8072af2717c3e455f35cda0103ec2"
  integrity sha512-06hBdMwUAb2WFTuGG73LSC0wfPu93xWwo5vL2et9eymgmu3Id5vFAHBbajVWiGhPO37qcsdCap/FqXvJGJWPIg==
  dependencies:
    tslib "^1.11.1"

"@aws-crypto/util@^3.0.0":
  version "3.0.0"
  resolved "https://registry.yarnpkg.com/@aws-crypto/util/-/util-3.0.0.tgz#1c7ca90c29293f0883468ad48117937f0fe5bfb0"
  integrity sha512-2OJlpeJpCR48CC8r+uKVChzs9Iungj9wkZrl8Z041DWEWvyIHILYKCPNzJghKsivj+S3mLo6BVc7mBNzdxA46w==
  dependencies:
    "@aws-sdk/types" "^3.222.0"
    "@aws-sdk/util-utf8-browser" "^3.0.0"
    tslib "^1.11.1"

"@aws-sdk/client-ssm@^3.409.0":
  version "3.414.0"
  resolved "https://registry.yarnpkg.com/@aws-sdk/client-ssm/-/client-ssm-3.414.0.tgz#280ddc31bd05b507c2776d640b7d017c27cb336c"
  integrity sha512-aaH662yFB2McqiH0ho25UBAFy9rYFocjibnuFptpHAmZKw2LyNqqroLDp6RbVQYyqWHoPOBjM2XoHz8NJoEvIA==
  dependencies:
    "@aws-crypto/sha256-browser" "3.0.0"
    "@aws-crypto/sha256-js" "3.0.0"
    "@aws-sdk/client-sts" "3.414.0"
    "@aws-sdk/credential-provider-node" "3.414.0"
    "@aws-sdk/middleware-host-header" "3.413.0"
    "@aws-sdk/middleware-logger" "3.413.0"
    "@aws-sdk/middleware-recursion-detection" "3.413.0"
    "@aws-sdk/middleware-signing" "3.413.0"
    "@aws-sdk/middleware-user-agent" "3.413.0"
    "@aws-sdk/region-config-resolver" "3.413.0"
    "@aws-sdk/types" "3.413.0"
    "@aws-sdk/util-endpoints" "3.413.0"
    "@aws-sdk/util-user-agent-browser" "3.413.0"
    "@aws-sdk/util-user-agent-node" "3.413.0"
    "@smithy/config-resolver" "^2.0.8"
    "@smithy/fetch-http-handler" "^2.1.3"
    "@smithy/hash-node" "^2.0.7"
    "@smithy/invalid-dependency" "^2.0.7"
    "@smithy/middleware-content-length" "^2.0.9"
    "@smithy/middleware-endpoint" "^2.0.7"
    "@smithy/middleware-retry" "^2.0.10"
    "@smithy/middleware-serde" "^2.0.7"
    "@smithy/middleware-stack" "^2.0.0"
    "@smithy/node-config-provider" "^2.0.10"
    "@smithy/node-http-handler" "^2.1.3"
    "@smithy/protocol-http" "^3.0.3"
    "@smithy/smithy-client" "^2.1.4"
    "@smithy/types" "^2.3.1"
    "@smithy/url-parser" "^2.0.7"
    "@smithy/util-base64" "^2.0.0"
    "@smithy/util-body-length-browser" "^2.0.0"
    "@smithy/util-body-length-node" "^2.1.0"
    "@smithy/util-defaults-mode-browser" "^2.0.8"
    "@smithy/util-defaults-mode-node" "^2.0.10"
    "@smithy/util-retry" "^2.0.0"
    "@smithy/util-utf8" "^2.0.0"
    "@smithy/util-waiter" "^2.0.7"
    tslib "^2.5.0"
    uuid "^8.3.2"

"@aws-sdk/client-sso@3.414.0":
  version "3.414.0"
  resolved "https://registry.yarnpkg.com/@aws-sdk/client-sso/-/client-sso-3.414.0.tgz#366e2d0f8d7178c4ff1e6e7144e52eab85266173"
  integrity sha512-GvRwQ7wA3edzsQEKS70ZPhkOUZ62PAiXasjp6GxrsADEb8sV1z4FxXNl9Un/7fQxKkh9QYaK1Wu1PmhLi9MLMg==
  dependencies:
    "@aws-crypto/sha256-browser" "3.0.0"
    "@aws-crypto/sha256-js" "3.0.0"
    "@aws-sdk/middleware-host-header" "3.413.0"
    "@aws-sdk/middleware-logger" "3.413.0"
    "@aws-sdk/middleware-recursion-detection" "3.413.0"
    "@aws-sdk/middleware-user-agent" "3.413.0"
    "@aws-sdk/region-config-resolver" "3.413.0"
    "@aws-sdk/types" "3.413.0"
    "@aws-sdk/util-endpoints" "3.413.0"
    "@aws-sdk/util-user-agent-browser" "3.413.0"
    "@aws-sdk/util-user-agent-node" "3.413.0"
    "@smithy/config-resolver" "^2.0.8"
    "@smithy/fetch-http-handler" "^2.1.3"
    "@smithy/hash-node" "^2.0.7"
    "@smithy/invalid-dependency" "^2.0.7"
    "@smithy/middleware-content-length" "^2.0.9"
    "@smithy/middleware-endpoint" "^2.0.7"
    "@smithy/middleware-retry" "^2.0.10"
    "@smithy/middleware-serde" "^2.0.7"
    "@smithy/middleware-stack" "^2.0.0"
    "@smithy/node-config-provider" "^2.0.10"
    "@smithy/node-http-handler" "^2.1.3"
    "@smithy/protocol-http" "^3.0.3"
    "@smithy/smithy-client" "^2.1.4"
    "@smithy/types" "^2.3.1"
    "@smithy/url-parser" "^2.0.7"
    "@smithy/util-base64" "^2.0.0"
    "@smithy/util-body-length-browser" "^2.0.0"
    "@smithy/util-body-length-node" "^2.1.0"
    "@smithy/util-defaults-mode-browser" "^2.0.8"
    "@smithy/util-defaults-mode-node" "^2.0.10"
    "@smithy/util-retry" "^2.0.0"
    "@smithy/util-utf8" "^2.0.0"
    tslib "^2.5.0"

"@aws-sdk/client-sts@3.414.0":
  version "3.414.0"
  resolved "https://registry.yarnpkg.com/@aws-sdk/client-sts/-/client-sts-3.414.0.tgz#304e8d3b059c68a5e675918d1aa29f8b017bd19a"
  integrity sha512-xeYH3si6Imp1EWolWn1zuxJJu2AXKwXl1HDftQULwC5AWkm1mNFbXYSJN4hQul1IM+kn+JTRB0XRHByQkKhe+Q==
  dependencies:
    "@aws-crypto/sha256-browser" "3.0.0"
    "@aws-crypto/sha256-js" "3.0.0"
    "@aws-sdk/credential-provider-node" "3.414.0"
    "@aws-sdk/middleware-host-header" "3.413.0"
    "@aws-sdk/middleware-logger" "3.413.0"
    "@aws-sdk/middleware-recursion-detection" "3.413.0"
    "@aws-sdk/middleware-sdk-sts" "3.413.0"
    "@aws-sdk/middleware-signing" "3.413.0"
    "@aws-sdk/middleware-user-agent" "3.413.0"
    "@aws-sdk/region-config-resolver" "3.413.0"
    "@aws-sdk/types" "3.413.0"
    "@aws-sdk/util-endpoints" "3.413.0"
    "@aws-sdk/util-user-agent-browser" "3.413.0"
    "@aws-sdk/util-user-agent-node" "3.413.0"
    "@smithy/config-resolver" "^2.0.8"
    "@smithy/fetch-http-handler" "^2.1.3"
    "@smithy/hash-node" "^2.0.7"
    "@smithy/invalid-dependency" "^2.0.7"
    "@smithy/middleware-content-length" "^2.0.9"
    "@smithy/middleware-endpoint" "^2.0.7"
    "@smithy/middleware-retry" "^2.0.10"
    "@smithy/middleware-serde" "^2.0.7"
    "@smithy/middleware-stack" "^2.0.0"
    "@smithy/node-config-provider" "^2.0.10"
    "@smithy/node-http-handler" "^2.1.3"
    "@smithy/protocol-http" "^3.0.3"
    "@smithy/smithy-client" "^2.1.4"
    "@smithy/types" "^2.3.1"
    "@smithy/url-parser" "^2.0.7"
    "@smithy/util-base64" "^2.0.0"
    "@smithy/util-body-length-browser" "^2.0.0"
    "@smithy/util-body-length-node" "^2.1.0"
    "@smithy/util-defaults-mode-browser" "^2.0.8"
    "@smithy/util-defaults-mode-node" "^2.0.10"
    "@smithy/util-retry" "^2.0.0"
    "@smithy/util-utf8" "^2.0.0"
    fast-xml-parser "4.2.5"
    tslib "^2.5.0"

"@aws-sdk/credential-provider-env@3.413.0":
  version "3.413.0"
  resolved "https://registry.yarnpkg.com/@aws-sdk/credential-provider-env/-/credential-provider-env-3.413.0.tgz#46a4c665d4fa5f6a1823590b2c9cc96244af43dd"
  integrity sha512-yeMOkfG20/RlzfPMtQuDB647AcPEvFEVYOWZzAWVJfldYQ5ybKr0d7sBkgG9sdAzGkK3Aw9dE4rigYI8EIqc1Q==
  dependencies:
    "@aws-sdk/types" "3.413.0"
    "@smithy/property-provider" "^2.0.0"
    "@smithy/types" "^2.3.1"
    tslib "^2.5.0"

"@aws-sdk/credential-provider-ini@3.414.0":
  version "3.414.0"
  resolved "https://registry.yarnpkg.com/@aws-sdk/credential-provider-ini/-/credential-provider-ini-3.414.0.tgz#2956ac32b6b45a6f0cf9d405cb7c4b717ee33cd6"
  integrity sha512-rlpLLx70roJL/t40opWC96LbIASejdMbRlgSCRpK8b/hKngYDe5A7SRVacaw08vYrAywxRiybxpQOwOt9b++rA==
  dependencies:
    "@aws-sdk/credential-provider-env" "3.413.0"
    "@aws-sdk/credential-provider-process" "3.413.0"
    "@aws-sdk/credential-provider-sso" "3.414.0"
    "@aws-sdk/credential-provider-web-identity" "3.413.0"
    "@aws-sdk/types" "3.413.0"
    "@smithy/credential-provider-imds" "^2.0.0"
    "@smithy/property-provider" "^2.0.0"
    "@smithy/shared-ini-file-loader" "^2.0.6"
    "@smithy/types" "^2.3.1"
    tslib "^2.5.0"

"@aws-sdk/credential-provider-node@3.414.0":
  version "3.414.0"
  resolved "https://registry.yarnpkg.com/@aws-sdk/credential-provider-node/-/credential-provider-node-3.414.0.tgz#7dea28eb05870a35ae70d96b2e5af3577622924f"
  integrity sha512-xlkcOUKeGHInxWKKrZKIPSBCUL/ozyCldJBjmMKEj7ZmBAEiDcjpMe3pZ//LibMkCSy0b/7jtyQBE/eaIT2o0A==
  dependencies:
    "@aws-sdk/credential-provider-env" "3.413.0"
    "@aws-sdk/credential-provider-ini" "3.414.0"
    "@aws-sdk/credential-provider-process" "3.413.0"
    "@aws-sdk/credential-provider-sso" "3.414.0"
    "@aws-sdk/credential-provider-web-identity" "3.413.0"
    "@aws-sdk/types" "3.413.0"
    "@smithy/credential-provider-imds" "^2.0.0"
    "@smithy/property-provider" "^2.0.0"
    "@smithy/shared-ini-file-loader" "^2.0.6"
    "@smithy/types" "^2.3.1"
    tslib "^2.5.0"

"@aws-sdk/credential-provider-process@3.413.0":
  version "3.413.0"
  resolved "https://registry.yarnpkg.com/@aws-sdk/credential-provider-process/-/credential-provider-process-3.413.0.tgz#60c5f9810c6b8ec4846f73593534a37a0ae77883"
  integrity sha512-GFJdgS14GzJ1wc2DEnS44Z/34iBZ05CAkvDsLN2CMwcDgH4eZuif9/x0lwzIJBK3xVFHzYUeVvEzsqRPbCHRsw==
  dependencies:
    "@aws-sdk/types" "3.413.0"
    "@smithy/property-provider" "^2.0.0"
    "@smithy/shared-ini-file-loader" "^2.0.6"
    "@smithy/types" "^2.3.1"
    tslib "^2.5.0"

"@aws-sdk/credential-provider-sso@3.414.0":
  version "3.414.0"
  resolved "https://registry.yarnpkg.com/@aws-sdk/credential-provider-sso/-/credential-provider-sso-3.414.0.tgz#236d29e881540dec9114fda5579b535ab6bccab6"
  integrity sha512-w9g2hlkZn7WekWICRqk+L33py7KrjYMFryVpkKXOx2pjDchCfZDr6pL1ml782GZ0L3qsob4SbNpbtp13JprnWQ==
  dependencies:
    "@aws-sdk/client-sso" "3.414.0"
    "@aws-sdk/token-providers" "3.413.0"
    "@aws-sdk/types" "3.413.0"
    "@smithy/property-provider" "^2.0.0"
    "@smithy/shared-ini-file-loader" "^2.0.6"
    "@smithy/types" "^2.3.1"
    tslib "^2.5.0"

"@aws-sdk/credential-provider-web-identity@3.413.0":
  version "3.413.0"
  resolved "https://registry.yarnpkg.com/@aws-sdk/credential-provider-web-identity/-/credential-provider-web-identity-3.413.0.tgz#a9a41a2ce3868328c7f8c9b4d1e42b769ee6634e"
  integrity sha512-5cdA1Iq9JeEHtg59ERV9fdMQ7cS0JF6gH/BWA7HYEUGdSVPXCuwyEggPtG64QgpNU7SmxH+QdDG+Ldxz09ycIA==
  dependencies:
    "@aws-sdk/types" "3.413.0"
    "@smithy/property-provider" "^2.0.0"
    "@smithy/types" "^2.3.1"
    tslib "^2.5.0"

"@aws-sdk/middleware-host-header@3.413.0":
  version "3.413.0"
  resolved "https://registry.yarnpkg.com/@aws-sdk/middleware-host-header/-/middleware-host-header-3.413.0.tgz#fd93d392823a73054755142b97d024e7f9e65e4b"
  integrity sha512-r9PQx468EzPHo9wRzZLfgROpKtVdbkteMrdhsuM12bifVHjU1OHr7yfhc1OdWv39X8Xiv6F8n5r+RBQEM0S6+g==
  dependencies:
    "@aws-sdk/types" "3.413.0"
    "@smithy/protocol-http" "^3.0.3"
    "@smithy/types" "^2.3.1"
    tslib "^2.5.0"

"@aws-sdk/middleware-logger@3.413.0":
  version "3.413.0"
  resolved "https://registry.yarnpkg.com/@aws-sdk/middleware-logger/-/middleware-logger-3.413.0.tgz#f8e4dccf10ed94a9756b075f9165e73face5ed49"
  integrity sha512-jqcXDubcKvoqBy+kkEa0WoNjG6SveDeyNy+gdGnTV+DEtYjkcHrHJei4q0W5zFl0mzc+dP+z8tJF44rv95ZY3Q==
  dependencies:
    "@aws-sdk/types" "3.413.0"
    "@smithy/types" "^2.3.1"
    tslib "^2.5.0"

"@aws-sdk/middleware-recursion-detection@3.413.0":
  version "3.413.0"
  resolved "https://registry.yarnpkg.com/@aws-sdk/middleware-recursion-detection/-/middleware-recursion-detection-3.413.0.tgz#802cb4b4f086d4737a940d6a15eb332826c6610e"
  integrity sha512-C6k0IKJk/A4/VBGwUjxEPG+WOjjnmWAZVRBUzaeM7PqRh+g5rLcuIV356ntV3pREVxyiSTePTYVYIHU9YXkLKQ==
  dependencies:
    "@aws-sdk/types" "3.413.0"
    "@smithy/protocol-http" "^3.0.3"
    "@smithy/types" "^2.3.1"
    tslib "^2.5.0"

"@aws-sdk/middleware-sdk-sts@3.413.0":
  version "3.413.0"
  resolved "https://registry.yarnpkg.com/@aws-sdk/middleware-sdk-sts/-/middleware-sdk-sts-3.413.0.tgz#a043e0876770ff4c59dd6e9979b1d0489d036106"
  integrity sha512-t0u//JUyaEZRVnH5q+Ur3tWnuyIsTdwA0XOdDCZXcSlLYzGp2MI/tScLjn9IydRrceIFpFfmbjk4Nf/Q6TeBTQ==
  dependencies:
    "@aws-sdk/middleware-signing" "3.413.0"
    "@aws-sdk/types" "3.413.0"
    "@smithy/types" "^2.3.1"
    tslib "^2.5.0"

"@aws-sdk/middleware-signing@3.413.0":
  version "3.413.0"
  resolved "https://registry.yarnpkg.com/@aws-sdk/middleware-signing/-/middleware-signing-3.413.0.tgz#34ceaaf29ae5368bf3626e7971742a224e789f85"
  integrity sha512-QFEnVvIKYPCermM+ESxEztgUgXzGSKpnPnohMYNvSZySqmOLu/4VvxiZbRO/BX9J3ZHcUgaw4vKm5VBZRrycxw==
  dependencies:
    "@aws-sdk/types" "3.413.0"
    "@smithy/property-provider" "^2.0.0"
    "@smithy/protocol-http" "^3.0.3"
    "@smithy/signature-v4" "^2.0.0"
    "@smithy/types" "^2.3.1"
    "@smithy/util-middleware" "^2.0.0"
    tslib "^2.5.0"

"@aws-sdk/middleware-user-agent@3.413.0":
  version "3.413.0"
  resolved "https://registry.yarnpkg.com/@aws-sdk/middleware-user-agent/-/middleware-user-agent-3.413.0.tgz#83b3199613d5b974ab1ec7fa9e6312999bca0341"
  integrity sha512-eVMJyeWxNBqerhfD+sE9sTjDtwQiECrfU6wpUQP5fGPhJD2cVVZPxuTuJGDZCu/4k/V61dF85IYlsPUNLdVQ6w==
  dependencies:
    "@aws-sdk/types" "3.413.0"
    "@aws-sdk/util-endpoints" "3.413.0"
    "@smithy/protocol-http" "^3.0.3"
    "@smithy/types" "^2.3.1"
    tslib "^2.5.0"

"@aws-sdk/region-config-resolver@3.413.0":
  version "3.413.0"
  resolved "https://registry.yarnpkg.com/@aws-sdk/region-config-resolver/-/region-config-resolver-3.413.0.tgz#30f9098d491c88768fcfca6e1e94f9f0da1e441e"
  integrity sha512-h90e6yyOhvoc+1F5vFk3C5mxwB8RSDEMKTO/fxexyur94seczZ1yxyYkTMZv30oc9RUiToABlHNrh/wxL7TZPQ==
  dependencies:
    "@smithy/node-config-provider" "^2.0.10"
    "@smithy/types" "^2.3.1"
    "@smithy/util-config-provider" "^2.0.0"
    "@smithy/util-middleware" "^2.0.0"
    tslib "^2.5.0"

"@aws-sdk/token-providers@3.413.0":
  version "3.413.0"
  resolved "https://registry.yarnpkg.com/@aws-sdk/token-providers/-/token-providers-3.413.0.tgz#0b47e78b6997d74abcc34b5b2f9d2b5882c35340"
  integrity sha512-NfP1Ib9LAWVLMTOa/1aJwt4TRrlRrNyukCpVZGfNaMnNNEoP5Rakdbcs8KFVHe/MJzU+GdKVzxQ4TgRkLOGTrA==
  dependencies:
    "@aws-crypto/sha256-browser" "3.0.0"
    "@aws-crypto/sha256-js" "3.0.0"
    "@aws-sdk/middleware-host-header" "3.413.0"
    "@aws-sdk/middleware-logger" "3.413.0"
    "@aws-sdk/middleware-recursion-detection" "3.413.0"
    "@aws-sdk/middleware-user-agent" "3.413.0"
    "@aws-sdk/types" "3.413.0"
    "@aws-sdk/util-endpoints" "3.413.0"
    "@aws-sdk/util-user-agent-browser" "3.413.0"
    "@aws-sdk/util-user-agent-node" "3.413.0"
    "@smithy/config-resolver" "^2.0.8"
    "@smithy/fetch-http-handler" "^2.1.3"
    "@smithy/hash-node" "^2.0.7"
    "@smithy/invalid-dependency" "^2.0.7"
    "@smithy/middleware-content-length" "^2.0.9"
    "@smithy/middleware-endpoint" "^2.0.7"
    "@smithy/middleware-retry" "^2.0.10"
    "@smithy/middleware-serde" "^2.0.7"
    "@smithy/middleware-stack" "^2.0.0"
    "@smithy/node-config-provider" "^2.0.10"
    "@smithy/node-http-handler" "^2.1.3"
    "@smithy/property-provider" "^2.0.0"
    "@smithy/protocol-http" "^3.0.3"
    "@smithy/shared-ini-file-loader" "^2.0.6"
    "@smithy/smithy-client" "^2.1.4"
    "@smithy/types" "^2.3.1"
    "@smithy/url-parser" "^2.0.7"
    "@smithy/util-base64" "^2.0.0"
    "@smithy/util-body-length-browser" "^2.0.0"
    "@smithy/util-body-length-node" "^2.1.0"
    "@smithy/util-defaults-mode-browser" "^2.0.8"
    "@smithy/util-defaults-mode-node" "^2.0.10"
    "@smithy/util-retry" "^2.0.0"
    "@smithy/util-utf8" "^2.0.0"
    tslib "^2.5.0"

"@aws-sdk/types@3.413.0", "@aws-sdk/types@^3.222.0":
  version "3.413.0"
  resolved "https://registry.yarnpkg.com/@aws-sdk/types/-/types-3.413.0.tgz#55b935d1668913a0e48ab5ddb4d9b95ff8707c02"
  integrity sha512-j1xib0f/TazIFc5ySIKOlT1ujntRbaoG4LJFeEezz4ji03/wSJMI8Vi4KjzpBp8J1tTu0oRDnsxRIGixsUBeYQ==
  dependencies:
    "@smithy/types" "^2.3.1"
    tslib "^2.5.0"

"@aws-sdk/util-endpoints@3.413.0":
  version "3.413.0"
  resolved "https://registry.yarnpkg.com/@aws-sdk/util-endpoints/-/util-endpoints-3.413.0.tgz#bf69260f1bde4dcb2041709539af5ad9a1b09295"
  integrity sha512-VAwr7cITNb1L6/2XUPIbCOuhKGm0VtKCRblurrfUF2bxqG/wtuw/2Fm4ahYJPyxklOSXAMSq+RHdFWcir0YB/g==
  dependencies:
    "@aws-sdk/types" "3.413.0"
    tslib "^2.5.0"

"@aws-sdk/util-locate-window@^3.0.0":
  version "3.310.0"
  resolved "https://registry.yarnpkg.com/@aws-sdk/util-locate-window/-/util-locate-window-3.310.0.tgz#b071baf050301adee89051032bd4139bba32cc40"
  integrity sha512-qo2t/vBTnoXpjKxlsC2e1gBrRm80M3bId27r0BRB2VniSSe7bL1mmzM+/HFtujm0iAxtPM+aLEflLJlJeDPg0w==
  dependencies:
    tslib "^2.5.0"

"@aws-sdk/util-user-agent-browser@3.413.0":
  version "3.413.0"
  resolved "https://registry.yarnpkg.com/@aws-sdk/util-user-agent-browser/-/util-user-agent-browser-3.413.0.tgz#a96b2466ee8acddc3c8b1f9402514ee13774963c"
  integrity sha512-7j/qWcRO2OBZBre2fC6V6M0PAS9n7k6i+VtofPkkhxC2DZszLJElqnooF9hGmVGYK3zR47Np4WjURXKIEZclWg==
  dependencies:
    "@aws-sdk/types" "3.413.0"
    "@smithy/types" "^2.3.1"
    bowser "^2.11.0"
    tslib "^2.5.0"

"@aws-sdk/util-user-agent-node@3.413.0":
  version "3.413.0"
  resolved "https://registry.yarnpkg.com/@aws-sdk/util-user-agent-node/-/util-user-agent-node-3.413.0.tgz#5bb89e41171b9e2cc5f8017ae073244c7753ad1d"
  integrity sha512-vHm9TVZIzfWMeDvdmoOky6VarqOt8Pr68CESHN0jyuO6XbhCDnr9rpaXiBhbSR+N1Qm7R/AfJgAhQyTMu2G1OA==
  dependencies:
    "@aws-sdk/types" "3.413.0"
    "@smithy/node-config-provider" "^2.0.10"
    "@smithy/types" "^2.3.1"
    tslib "^2.5.0"

"@aws-sdk/util-utf8-browser@^3.0.0":
  version "3.259.0"
  resolved "https://registry.yarnpkg.com/@aws-sdk/util-utf8-browser/-/util-utf8-browser-3.259.0.tgz#3275a6f5eb334f96ca76635b961d3c50259fd9ff"
  integrity sha512-UvFa/vR+e19XookZF8RzFZBrw2EUkQWxiBW0yYQAhvk3C+QVGl0H3ouca8LDBlBfQKXwmW3huo/59H8rwb1wJw==
  dependencies:
    tslib "^2.3.1"

"@octokit/auth-token@^2.4.4":
  version "2.5.0"
  resolved "https://registry.yarnpkg.com/@octokit/auth-token/-/auth-token-2.5.0.tgz#27c37ea26c205f28443402477ffd261311f21e36"
  integrity sha512-r5FVUJCOLl19AxiuZD2VRZ/ORjp/4IN98Of6YJoJOkY75CIBuYfmiNHGrDwXr+aLGG55igl9QrxX3hbiXlLb+g==
  dependencies:
    "@octokit/types" "^6.0.3"

"@octokit/core@^3.6.0":
  version "3.6.0"
  resolved "https://registry.yarnpkg.com/@octokit/core/-/core-3.6.0.tgz#3376cb9f3008d9b3d110370d90e0a1fcd5fe6085"
  integrity sha512-7RKRKuA4xTjMhY+eG3jthb3hlZCsOwg3rztWh75Xc+ShDWOfDDATWbeZpAHBNRpm4Tv9WgBMOy1zEJYXG6NJ7Q==
  dependencies:
    "@octokit/auth-token" "^2.4.4"
    "@octokit/graphql" "^4.5.8"
    "@octokit/request" "^5.6.3"
    "@octokit/request-error" "^2.0.5"
    "@octokit/types" "^6.0.3"
    before-after-hook "^2.2.0"
    universal-user-agent "^6.0.0"

"@octokit/endpoint@^6.0.1":
  version "6.0.12"
  resolved "https://registry.yarnpkg.com/@octokit/endpoint/-/endpoint-6.0.12.tgz#3b4d47a4b0e79b1027fb8d75d4221928b2d05658"
  integrity sha512-lF3puPwkQWGfkMClXb4k/eUT/nZKQfxinRWJrdZaJO85Dqwo/G0yOC434Jr2ojwafWJMYqFGFa5ms4jJUgujdA==
  dependencies:
    "@octokit/types" "^6.0.3"
    is-plain-object "^5.0.0"
    universal-user-agent "^6.0.0"

"@octokit/graphql@^4.5.8":
  version "4.8.0"
  resolved "https://registry.yarnpkg.com/@octokit/graphql/-/graphql-4.8.0.tgz#664d9b11c0e12112cbf78e10f49a05959aa22cc3"
  integrity sha512-0gv+qLSBLKF0z8TKaSKTsS39scVKF9dbMxJpj3U0vC7wjNWFuIpL/z76Qe2fiuCbDRcJSavkXsVtMS6/dtQQsg==
  dependencies:
    "@octokit/request" "^5.6.0"
    "@octokit/types" "^6.0.3"
    universal-user-agent "^6.0.0"

"@octokit/openapi-types@^12.11.0":
  version "12.11.0"
  resolved "https://registry.yarnpkg.com/@octokit/openapi-types/-/openapi-types-12.11.0.tgz#da5638d64f2b919bca89ce6602d059f1b52d3ef0"
  integrity sha512-VsXyi8peyRq9PqIz/tpqiL2w3w80OgVMwBHltTml3LmVvXiphgeqmY9mvBw9Wu7e0QWk/fqD37ux8yP5uVekyQ==

"@octokit/plugin-paginate-rest@^2.17.0":
  version "2.21.3"
  resolved "https://registry.yarnpkg.com/@octokit/plugin-paginate-rest/-/plugin-paginate-rest-2.21.3.tgz#7f12532797775640dbb8224da577da7dc210c87e"
  integrity sha512-aCZTEf0y2h3OLbrgKkrfFdjRL6eSOo8komneVQJnYecAxIej7Bafor2xhuDJOIFau4pk0i/P28/XgtbyPF0ZHw==
  dependencies:
    "@octokit/types" "^6.40.0"

"@octokit/plugin-rest-endpoint-methods@^5.13.0":
  version "5.16.2"
  resolved "https://registry.yarnpkg.com/@octokit/plugin-rest-endpoint-methods/-/plugin-rest-endpoint-methods-5.16.2.tgz#7ee8bf586df97dd6868cf68f641354e908c25342"
  integrity sha512-8QFz29Fg5jDuTPXVtey05BLm7OB+M8fnvE64RNegzX7U+5NUXcOcnpTIK0YfSHBg8gYd0oxIq3IZTe9SfPZiRw==
  dependencies:
    "@octokit/types" "^6.39.0"
    deprecation "^2.3.1"

"@octokit/request-error@^2.0.5", "@octokit/request-error@^2.1.0":
  version "2.1.0"
  resolved "https://registry.yarnpkg.com/@octokit/request-error/-/request-error-2.1.0.tgz#9e150357831bfc788d13a4fd4b1913d60c74d677"
  integrity sha512-1VIvgXxs9WHSjicsRwq8PlR2LR2x6DwsJAaFgzdi0JfJoGSO8mYI/cHJQ+9FbN21aa+DrgNLnwObmyeSC8Rmpg==
  dependencies:
    "@octokit/types" "^6.0.3"
    deprecation "^2.0.0"
    once "^1.4.0"

"@octokit/request@^5.6.0", "@octokit/request@^5.6.3":
  version "5.6.3"
  resolved "https://registry.yarnpkg.com/@octokit/request/-/request-5.6.3.tgz#19a022515a5bba965ac06c9d1334514eb50c48b0"
  integrity sha512-bFJl0I1KVc9jYTe9tdGGpAMPy32dLBXXo1dS/YwSCTL/2nd9XeHsY616RE3HPXDVk+a+dBuzyz5YdlXwcDTr2A==
  dependencies:
    "@octokit/endpoint" "^6.0.1"
    "@octokit/request-error" "^2.1.0"
    "@octokit/types" "^6.16.1"
    is-plain-object "^5.0.0"
    node-fetch "^2.6.7"
    universal-user-agent "^6.0.0"

"@octokit/types@^6.0.3", "@octokit/types@^6.16.1", "@octokit/types@^6.39.0", "@octokit/types@^6.40.0":
  version "6.41.0"
  resolved "https://registry.yarnpkg.com/@octokit/types/-/types-6.41.0.tgz#e58ef78d78596d2fb7df9c6259802464b5f84a04"
  integrity sha512-eJ2jbzjdijiL3B4PrSQaSjuF2sPEQPVCPzBvTHJD9Nz+9dw2SGH4K4xeQJ77YfTq5bRQ+bD8wT11JbeDPmxmGg==
  dependencies:
    "@octokit/openapi-types" "^12.11.0"

"@smithy/abort-controller@^2.0.9":
  version "2.0.9"
  resolved "https://registry.yarnpkg.com/@smithy/abort-controller/-/abort-controller-2.0.9.tgz#f4b9ce1a9a09d446cf24d8bc1abc2b3b524cd7cd"
  integrity sha512-8liHOEbx99xcy4VndeQNQhyA0LS+e7UqsuRnDTSIA26IKBv/7vA9w09KOd4fgNULrvX0r3WpA6cwsQTRJpSWkg==
  dependencies:
    "@smithy/types" "^2.3.3"
    tslib "^2.5.0"

"@smithy/config-resolver@^2.0.10", "@smithy/config-resolver@^2.0.8":
  version "2.0.10"
  resolved "https://registry.yarnpkg.com/@smithy/config-resolver/-/config-resolver-2.0.10.tgz#974de532e6048d86b8b7aa1fed17a75c558c41c8"
  integrity sha512-MwToDsCltHjumkCuRn883qoNeJUawc2b8sX9caSn5vLz6J5crU1IklklNxWCaMO2z2nDL91Po4b/aI1eHv5PfA==
  dependencies:
    "@smithy/node-config-provider" "^2.0.12"
    "@smithy/types" "^2.3.3"
    "@smithy/util-config-provider" "^2.0.0"
    "@smithy/util-middleware" "^2.0.2"
    tslib "^2.5.0"

"@smithy/credential-provider-imds@^2.0.0", "@smithy/credential-provider-imds@^2.0.12":
  version "2.0.12"
  resolved "https://registry.yarnpkg.com/@smithy/credential-provider-imds/-/credential-provider-imds-2.0.12.tgz#787dc731903dd1b07f5e35e6c1d63ca74d1d3356"
  integrity sha512-S3lUNe+2fEFwKcmiQniXGPXt69vaHvQCw8kYQOBL4OvJsgwfpkIYDZdroHbTshYi0M6WaKL26Mw+hvgma6dZqA==
  dependencies:
    "@smithy/node-config-provider" "^2.0.12"
    "@smithy/property-provider" "^2.0.10"
    "@smithy/types" "^2.3.3"
    "@smithy/url-parser" "^2.0.9"
    tslib "^2.5.0"

"@smithy/eventstream-codec@^2.0.9":
  version "2.0.9"
  resolved "https://registry.yarnpkg.com/@smithy/eventstream-codec/-/eventstream-codec-2.0.9.tgz#aa588d4083c9a16f14896d780e2fff0b34ef2c35"
  integrity sha512-sy0pcbKnawt1iu+qCoSFbs/h9PAaUgvlJEO3lqkE1HFFj4p5RgL98vH+9CyDoj6YY82cG5XsorFmcLqQJHTOYw==
  dependencies:
    "@aws-crypto/crc32" "3.0.0"
    "@smithy/types" "^2.3.3"
    "@smithy/util-hex-encoding" "^2.0.0"
    tslib "^2.5.0"

"@smithy/fetch-http-handler@^2.1.3", "@smithy/fetch-http-handler@^2.1.5":
  version "2.1.5"
  resolved "https://registry.yarnpkg.com/@smithy/fetch-http-handler/-/fetch-http-handler-2.1.5.tgz#0764e232482320b9f2f8ec9c79ebdfa214a761fb"
  integrity sha512-BIeCHGfr5JCGN+EMTwZK74ELvjPXOIrI7OLM5OhZJJ6AmZyRv2S9ANJk18AtLwht0TsSm+8WoXIEp8LuxNgUyA==
  dependencies:
    "@smithy/protocol-http" "^3.0.5"
    "@smithy/querystring-builder" "^2.0.9"
    "@smithy/types" "^2.3.3"
    "@smithy/util-base64" "^2.0.0"
    tslib "^2.5.0"

"@smithy/hash-node@^2.0.7":
  version "2.0.9"
  resolved "https://registry.yarnpkg.com/@smithy/hash-node/-/hash-node-2.0.9.tgz#51811dabd2990eec1fc003dd6aaa8b8db95cc1eb"
  integrity sha512-XP3yWd5wyCtiVmsY5Nuq/FUwyCEQ6YG7DsvRh7ThldNukGpCzyFdP8eivZJVjn4Fx7oYrrOnVoYZ0WEgpW1AvQ==
  dependencies:
    "@smithy/types" "^2.3.3"
    "@smithy/util-buffer-from" "^2.0.0"
    "@smithy/util-utf8" "^2.0.0"
    tslib "^2.5.0"

"@smithy/invalid-dependency@^2.0.7":
  version "2.0.9"
  resolved "https://registry.yarnpkg.com/@smithy/invalid-dependency/-/invalid-dependency-2.0.9.tgz#9c8ebb70f0d1670490ae51c078d7240ac7cb9ddb"
  integrity sha512-RuJqhYf8nViK96IIO9JbTtjDUuFItVfuuJhWw2yk7fv67yltQ7fZD6IQ2OsHHluoVmstnQJuCg5raXJR696Ubw==
  dependencies:
    "@smithy/types" "^2.3.3"
    tslib "^2.5.0"

"@smithy/is-array-buffer@^2.0.0":
  version "2.0.0"
  resolved "https://registry.yarnpkg.com/@smithy/is-array-buffer/-/is-array-buffer-2.0.0.tgz#8fa9b8040651e7ba0b2f6106e636a91354ff7d34"
  integrity sha512-z3PjFjMyZNI98JFRJi/U0nGoLWMSJlDjAW4QUX2WNZLas5C0CmVV6LJ01JI0k90l7FvpmixjWxPFmENSClQ7ug==
  dependencies:
    tslib "^2.5.0"

"@smithy/middleware-content-length@^2.0.9":
  version "2.0.11"
  resolved "https://registry.yarnpkg.com/@smithy/middleware-content-length/-/middleware-content-length-2.0.11.tgz#3d046f917cb0975caf6af2de96c9622cfa3c33ca"
  integrity sha512-Malj4voNTL4+a5ZL3a6+Ij7JTUMTa2R7c3ZIBzMxN5OUUgAspU7uFi1Q97f4B0afVh2joQBAWH5IQJUG25nl8g==
  dependencies:
    "@smithy/protocol-http" "^3.0.5"
    "@smithy/types" "^2.3.3"
    tslib "^2.5.0"

"@smithy/middleware-endpoint@^2.0.7":
  version "2.0.9"
  resolved "https://registry.yarnpkg.com/@smithy/middleware-endpoint/-/middleware-endpoint-2.0.9.tgz#2a8b5098cc124923a7104db7578314b4193a62f6"
  integrity sha512-72/o8R6AAO4+nyTI6h4z6PYGTSA4dr1M7tZz29U8DEUHuh1YkhC77js0P6RyF9G0wDLuYqxb+Yh0crI5WG2pJg==
  dependencies:
    "@smithy/middleware-serde" "^2.0.9"
    "@smithy/types" "^2.3.3"
    "@smithy/url-parser" "^2.0.9"
    "@smithy/util-middleware" "^2.0.2"
    tslib "^2.5.0"

"@smithy/middleware-retry@^2.0.10":
  version "2.0.12"
  resolved "https://registry.yarnpkg.com/@smithy/middleware-retry/-/middleware-retry-2.0.12.tgz#d297d7cc5f40e8908aa1495060155b40e24f1ce7"
  integrity sha512-YQ/ufXX4/d9/+Jf1QQ4J+CVeupC7BW52qldBTvRV33PDX9vxndlAwkFwzBcmnUFC3Hjf1//HW6I77EItcjNSCA==
  dependencies:
    "@smithy/node-config-provider" "^2.0.12"
    "@smithy/protocol-http" "^3.0.5"
    "@smithy/service-error-classification" "^2.0.2"
    "@smithy/types" "^2.3.3"
    "@smithy/util-middleware" "^2.0.2"
    "@smithy/util-retry" "^2.0.2"
    tslib "^2.5.0"
    uuid "^8.3.2"

"@smithy/middleware-serde@^2.0.7", "@smithy/middleware-serde@^2.0.9":
  version "2.0.9"
  resolved "https://registry.yarnpkg.com/@smithy/middleware-serde/-/middleware-serde-2.0.9.tgz#cf0028f18dc96648de212870c9726844084dd89a"
  integrity sha512-GVbauxrr6WmtCaesakktg3t5LR/yDbajpC7KkWc8rtCpddMI4ShAVO5Q6DqwX8MDFi4CLaY8H7eTGcxhl3jbLg==
  dependencies:
    "@smithy/types" "^2.3.3"
    tslib "^2.5.0"

"@smithy/middleware-stack@^2.0.0", "@smithy/middleware-stack@^2.0.2":
  version "2.0.2"
  resolved "https://registry.yarnpkg.com/@smithy/middleware-stack/-/middleware-stack-2.0.2.tgz#a6c60c6b3ad22444b3aff15fb56088d36fedc9c8"
  integrity sha512-6BNfPVp/8gcmkKdJhNJK3HEkUNNTrY3hM9vuWXIUSoLk9FZo1L2QuGLGB6S124D9ySInn8PzEdOtguCF5Ao4KA==
  dependencies:
    "@smithy/types" "^2.3.3"
    tslib "^2.5.0"

"@smithy/node-config-provider@^2.0.10", "@smithy/node-config-provider@^2.0.12":
  version "2.0.12"
  resolved "https://registry.yarnpkg.com/@smithy/node-config-provider/-/node-config-provider-2.0.12.tgz#59ef195dab5f00ea15abeb356e1fc2f41e4d54f2"
  integrity sha512-df9y9ywv+JmS40Y60ZqJ4jfZiTCmyHQffwzIqjBjLJLJl0imf9F6DWBd+jiEWHvlohR+sFhyY+KL/qzKgnAq1A==
  dependencies:
    "@smithy/property-provider" "^2.0.10"
    "@smithy/shared-ini-file-loader" "^2.0.11"
    "@smithy/types" "^2.3.3"
    tslib "^2.5.0"

"@smithy/node-http-handler@^2.1.3", "@smithy/node-http-handler@^2.1.5":
  version "2.1.5"
  resolved "https://registry.yarnpkg.com/@smithy/node-http-handler/-/node-http-handler-2.1.5.tgz#b1ad4c4b7cdbb5774aeeaaf0bd14b78c6c267460"
  integrity sha512-52uF+BrZaFiBh+NT/bADiVDCQO91T+OwDRsuaAeWZC1mlCXFjAPPQdxeQohtuYOe9m7mPP/xIMNiqbe8jvndHA==
  dependencies:
    "@smithy/abort-controller" "^2.0.9"
    "@smithy/protocol-http" "^3.0.5"
    "@smithy/querystring-builder" "^2.0.9"
    "@smithy/types" "^2.3.3"
    tslib "^2.5.0"

"@smithy/property-provider@^2.0.0", "@smithy/property-provider@^2.0.10":
  version "2.0.10"
  resolved "https://registry.yarnpkg.com/@smithy/property-provider/-/property-provider-2.0.10.tgz#6ed80935deff770459717c402af26e925076f32b"
  integrity sha512-YMBVfh0ZMmJtbsUn+WfSwR32iRljZPdRN0Tn2GAcdJ+ejX8WrBXD7Z0jIkQDrQZr8fEuuv5x8WxMIj+qVbsPQw==
  dependencies:
    "@smithy/types" "^2.3.3"
    tslib "^2.5.0"

"@smithy/protocol-http@^3.0.3", "@smithy/protocol-http@^3.0.5":
  version "3.0.5"
  resolved "https://registry.yarnpkg.com/@smithy/protocol-http/-/protocol-http-3.0.5.tgz#a143bf54382c6f7c8cdf2c67d3be101a9b7b486c"
  integrity sha512-3t3fxj+ip4EPHRC2fQ0JimMxR/qCQ1LSQJjZZVZFgROnFLYWPDgUZqpoi7chr+EzatxJVXF/Rtoi5yLHOWCoZQ==
  dependencies:
    "@smithy/types" "^2.3.3"
    tslib "^2.5.0"

"@smithy/querystring-builder@^2.0.9":
  version "2.0.9"
  resolved "https://registry.yarnpkg.com/@smithy/querystring-builder/-/querystring-builder-2.0.9.tgz#97e3731b6e6fef533ab0b063b0007f6a545c0291"
  integrity sha512-Yt6CPF4j3j1cuwod/DRflbuXxBFjJm7gAjy6W1RE21Rz5/kfGFqiZBXWmmXwGtnnhiLThYwoHK4S6/TQtnx0Fg==
  dependencies:
    "@smithy/types" "^2.3.3"
    "@smithy/util-uri-escape" "^2.0.0"
    tslib "^2.5.0"

"@smithy/querystring-parser@^2.0.9":
  version "2.0.9"
  resolved "https://registry.yarnpkg.com/@smithy/querystring-parser/-/querystring-parser-2.0.9.tgz#a372fcb652df0c8110aa3ffbf6bc6b512e11a78c"
  integrity sha512-U6z4N743s4vrcxPW8p8+reLV0PjMCYEyb1/wtMVvv3VnbJ74gshdI8SR1sBnEh95cF8TxonmX5IxY25tS9qGfg==
  dependencies:
    "@smithy/types" "^2.3.3"
    tslib "^2.5.0"

"@smithy/service-error-classification@^2.0.2":
  version "2.0.2"
  resolved "https://registry.yarnpkg.com/@smithy/service-error-classification/-/service-error-classification-2.0.2.tgz#2fcc703ecb2c0f2880a53427a1ecd8530fcccc34"
  integrity sha512-GTUd2j63gKy7A+ggvSdn2hc4sejG7LWfE+ZMF17vzWoNyqERWbRP7HTPS0d0Lwg1p6OQCAzvNigSrEIWVFt6iA==
  dependencies:
    "@smithy/types" "^2.3.3"

"@smithy/shared-ini-file-loader@^2.0.11", "@smithy/shared-ini-file-loader@^2.0.6":
  version "2.0.11"
  resolved "https://registry.yarnpkg.com/@smithy/shared-ini-file-loader/-/shared-ini-file-loader-2.0.11.tgz#33dcad2941884e0f9423b0cfc0f2d2bcc74425d3"
  integrity sha512-Sf0u5C5px6eykXi6jImDTp+edvG3REtPjXnFWU/J+b7S2wkXwUqFXqBL5DdM4zC1F+M8u57ZT7NRqDwMOw7/Tw==
  dependencies:
    "@smithy/types" "^2.3.3"
    tslib "^2.5.0"

"@smithy/signature-v4@^2.0.0":
  version "2.0.9"
  resolved "https://registry.yarnpkg.com/@smithy/signature-v4/-/signature-v4-2.0.9.tgz#d971fed260107a815fb26f1746a1b496f654dd39"
  integrity sha512-RkHP0joSI1j2EI+mU55sOi33/aMMkKdL9ZY+SWrPxsiCe1oyzzuy79Tpn8X7uT+t0ilNmQlwPpkP/jUy940pEA==
  dependencies:
    "@smithy/eventstream-codec" "^2.0.9"
    "@smithy/is-array-buffer" "^2.0.0"
    "@smithy/types" "^2.3.3"
    "@smithy/util-hex-encoding" "^2.0.0"
    "@smithy/util-middleware" "^2.0.2"
    "@smithy/util-uri-escape" "^2.0.0"
    "@smithy/util-utf8" "^2.0.0"
    tslib "^2.5.0"

"@smithy/smithy-client@^2.1.4", "@smithy/smithy-client@^2.1.6":
  version "2.1.6"
  resolved "https://registry.yarnpkg.com/@smithy/smithy-client/-/smithy-client-2.1.6.tgz#32d6e37e7da56c18235041822e82d562e202c8f2"
  integrity sha512-+F26b8U7C6ydJgj5Y+OZ94NL54HQUPF1LrFiZjMAIX3OlgZjDhiT3m6VOZo6+hge3sEFOrupwdjB5V24JOCpQw==
  dependencies:
    "@smithy/middleware-stack" "^2.0.2"
    "@smithy/types" "^2.3.3"
    "@smithy/util-stream" "^2.0.12"
    tslib "^2.5.0"

"@smithy/types@^2.3.1", "@smithy/types@^2.3.3":
  version "2.3.3"
  resolved "https://registry.yarnpkg.com/@smithy/types/-/types-2.3.3.tgz#8770dea9b0e36c404d99a867d50b2fa6454f28aa"
  integrity sha512-zTdIPR9PvFVNRdIKMQu4M5oyTaycIbUqLheQqaOi9rTWPkgjGO2wDBxMA1rBHQB81aqAEv+DbSS4jfKyQMnXRA==
  dependencies:
    tslib "^2.5.0"

"@smithy/url-parser@^2.0.7", "@smithy/url-parser@^2.0.9":
  version "2.0.9"
  resolved "https://registry.yarnpkg.com/@smithy/url-parser/-/url-parser-2.0.9.tgz#0ea656c5e9b167082861ff1ff82ebb7459b09ab3"
  integrity sha512-NBnJ0NiY8z6E82Xd5VYUFQfKwK/wA/+QkKmpYUYP+cpH3aCzE6g2gvixd9vQKYjsIdRfNPCf+SFAozt8ljozOw==
  dependencies:
    "@smithy/querystring-parser" "^2.0.9"
    "@smithy/types" "^2.3.3"
    tslib "^2.5.0"

"@smithy/util-base64@^2.0.0":
  version "2.0.0"
  resolved "https://registry.yarnpkg.com/@smithy/util-base64/-/util-base64-2.0.0.tgz#1beeabfb155471d1d41c8d0603be1351f883c444"
  integrity sha512-Zb1E4xx+m5Lud8bbeYi5FkcMJMnn+1WUnJF3qD7rAdXpaL7UjkFQLdmW5fHadoKbdHpwH9vSR8EyTJFHJs++tA==
  dependencies:
    "@smithy/util-buffer-from" "^2.0.0"
    tslib "^2.5.0"

"@smithy/util-body-length-browser@^2.0.0":
  version "2.0.0"
  resolved "https://registry.yarnpkg.com/@smithy/util-body-length-browser/-/util-body-length-browser-2.0.0.tgz#5447853003b4c73da3bc5f3c5e82c21d592d1650"
  integrity sha512-JdDuS4ircJt+FDnaQj88TzZY3+njZ6O+D3uakS32f2VNnDo3vyEuNdBOh/oFd8Df1zSZOuH1HEChk2AOYDezZg==
  dependencies:
    tslib "^2.5.0"

"@smithy/util-body-length-node@^2.1.0":
  version "2.1.0"
  resolved "https://registry.yarnpkg.com/@smithy/util-body-length-node/-/util-body-length-node-2.1.0.tgz#313a5f7c5017947baf5fa018bfc22628904bbcfa"
  integrity sha512-/li0/kj/y3fQ3vyzn36NTLGmUwAICb7Jbe/CsWCktW363gh1MOcpEcSO3mJ344Gv2dqz8YJCLQpb6hju/0qOWw==
  dependencies:
    tslib "^2.5.0"

"@smithy/util-buffer-from@^2.0.0":
  version "2.0.0"
  resolved "https://registry.yarnpkg.com/@smithy/util-buffer-from/-/util-buffer-from-2.0.0.tgz#7eb75d72288b6b3001bc5f75b48b711513091deb"
  integrity sha512-/YNnLoHsR+4W4Vf2wL5lGv0ksg8Bmk3GEGxn2vEQt52AQaPSCuaO5PM5VM7lP1K9qHRKHwrPGktqVoAHKWHxzw==
  dependencies:
    "@smithy/is-array-buffer" "^2.0.0"
    tslib "^2.5.0"

"@smithy/util-config-provider@^2.0.0":
  version "2.0.0"
  resolved "https://registry.yarnpkg.com/@smithy/util-config-provider/-/util-config-provider-2.0.0.tgz#4dd6a793605559d94267312fd06d0f58784b4c38"
  integrity sha512-xCQ6UapcIWKxXHEU4Mcs2s7LcFQRiU3XEluM2WcCjjBtQkUN71Tb+ydGmJFPxMUrW/GWMgQEEGipLym4XG0jZg==
  dependencies:
    tslib "^2.5.0"

"@smithy/util-defaults-mode-browser@^2.0.8":
  version "2.0.10"
  resolved "https://registry.yarnpkg.com/@smithy/util-defaults-mode-browser/-/util-defaults-mode-browser-2.0.10.tgz#5a9cfe73bb021b39dd3f591d1f2fc0ccd53d7f3f"
  integrity sha512-M5eaPn961jU2glZkqvmrVd6H4Tz4j1CJ2Kt8kjqMfcWZ4IQFgwPYbRkgND0W93dZXDmFU2GtuJGatwSmWIqxrA==
  dependencies:
    "@smithy/property-provider" "^2.0.10"
    "@smithy/smithy-client" "^2.1.6"
    "@smithy/types" "^2.3.3"
    bowser "^2.11.0"
    tslib "^2.5.0"

"@smithy/util-defaults-mode-node@^2.0.10":
  version "2.0.12"
  resolved "https://registry.yarnpkg.com/@smithy/util-defaults-mode-node/-/util-defaults-mode-node-2.0.12.tgz#ca0827f0f13cba9ab959884b3d9823533c7ddd8e"
  integrity sha512-fwAVus2YBTU5u4KFmmEZDdgx3HpUUg8f6SEUetJFsNL+6AzoGBIhCZX0yMrVCLJEZe6tUfMbL5TZHXMw2q6MaA==
  dependencies:
    "@smithy/config-resolver" "^2.0.10"
    "@smithy/credential-provider-imds" "^2.0.12"
    "@smithy/node-config-provider" "^2.0.12"
    "@smithy/property-provider" "^2.0.10"
    "@smithy/smithy-client" "^2.1.6"
    "@smithy/types" "^2.3.3"
    tslib "^2.5.0"

"@smithy/util-hex-encoding@^2.0.0":
  version "2.0.0"
  resolved "https://registry.yarnpkg.com/@smithy/util-hex-encoding/-/util-hex-encoding-2.0.0.tgz#0aa3515acd2b005c6d55675e377080a7c513b59e"
  integrity sha512-c5xY+NUnFqG6d7HFh1IFfrm3mGl29lC+vF+geHv4ToiuJCBmIfzx6IeHLg+OgRdPFKDXIw6pvi+p3CsscaMcMA==
  dependencies:
    tslib "^2.5.0"

"@smithy/util-middleware@^2.0.0", "@smithy/util-middleware@^2.0.2":
  version "2.0.2"
  resolved "https://registry.yarnpkg.com/@smithy/util-middleware/-/util-middleware-2.0.2.tgz#9529ba2c57c26a57e4a59af88ac7c36c69cffb7d"
  integrity sha512-UGPZM+Ja/vke5pc/S8G0LNiHpVirtjppsXO+GK9m9wbzRGzPJTfnZA/gERUUN/AfxEy/8SL7U1kd7u4t2X8K1w==
  dependencies:
    "@smithy/types" "^2.3.3"
    tslib "^2.5.0"

"@smithy/util-retry@^2.0.0", "@smithy/util-retry@^2.0.2":
  version "2.0.2"
  resolved "https://registry.yarnpkg.com/@smithy/util-retry/-/util-retry-2.0.2.tgz#a328ec9580a160faa2a25247543fa4bd036a7426"
  integrity sha512-ovWiayUB38moZcLhSFFfUgB2IMb7R1JfojU20qSahjxAgfOZvDWme3eOYUMtAVnouZ9kYJiFgHLy27qRH4NeeA==
  dependencies:
    "@smithy/service-error-classification" "^2.0.2"
    "@smithy/types" "^2.3.3"
    tslib "^2.5.0"

"@smithy/util-stream@^2.0.12":
  version "2.0.12"
  resolved "https://registry.yarnpkg.com/@smithy/util-stream/-/util-stream-2.0.12.tgz#12682792e368794c4b890a14db4ce85272e3259d"
  integrity sha512-FOCpRLaj6gvSyUC5mJAACT+sPMPmp9sD1o+hVbUH/QxwZfulypA3ZIFdAg/59/IY0d/1Q4CTztsiHEB5LgjN4g==
  dependencies:
    "@smithy/fetch-http-handler" "^2.1.5"
    "@smithy/node-http-handler" "^2.1.5"
    "@smithy/types" "^2.3.3"
    "@smithy/util-base64" "^2.0.0"
    "@smithy/util-buffer-from" "^2.0.0"
    "@smithy/util-hex-encoding" "^2.0.0"
    "@smithy/util-utf8" "^2.0.0"
    tslib "^2.5.0"

"@smithy/util-uri-escape@^2.0.0":
  version "2.0.0"
  resolved "https://registry.yarnpkg.com/@smithy/util-uri-escape/-/util-uri-escape-2.0.0.tgz#19955b1a0f517a87ae77ac729e0e411963dfda95"
  integrity sha512-ebkxsqinSdEooQduuk9CbKcI+wheijxEb3utGXkCoYQkJnwTnLbH1JXGimJtUkQwNQbsbuYwG2+aFVyZf5TLaw==
  dependencies:
    tslib "^2.5.0"

"@smithy/util-utf8@^2.0.0":
  version "2.0.0"
  resolved "https://registry.yarnpkg.com/@smithy/util-utf8/-/util-utf8-2.0.0.tgz#b4da87566ea7757435e153799df9da717262ad42"
  integrity sha512-rctU1VkziY84n5OXe3bPNpKR001ZCME2JCaBBFgtiM2hfKbHFudc/BkMuPab8hRbLd0j3vbnBTTZ1igBf0wgiQ==
  dependencies:
    "@smithy/util-buffer-from" "^2.0.0"
    tslib "^2.5.0"

"@smithy/util-waiter@^2.0.7":
  version "2.0.9"
  resolved "https://registry.yarnpkg.com/@smithy/util-waiter/-/util-waiter-2.0.9.tgz#c9f1967f8313f194cb00a7d5c3f279643d4960d1"
  integrity sha512-Hy9Cs0FtIacC1aVFk98bm/7CYqim9fnHAPRnV/SB2mj02ExYs/9Dn5SrNQmtTBTLCn65KqYnNVBNS8GuGpZOOw==
  dependencies:
    "@smithy/abort-controller" "^2.0.9"
    "@smithy/types" "^2.3.3"
    tslib "^2.5.0"

"@types/node@^20.6.3":
  version "20.6.3"
  resolved "https://registry.yarnpkg.com/@types/node/-/node-20.6.3.tgz#5b763b321cd3b80f6b8dde7a37e1a77ff9358dd9"
  integrity sha512-HksnYH4Ljr4VQgEy2lTStbCKv/P590tmPe5HqOnv9Gprffgv5WXAY+Y5Gqniu0GGqeTCUdBnzC3QSrzPkBkAMA==

"@vercel/ncc@^0.38.0":
  version "0.38.0"
  resolved "https://registry.yarnpkg.com/@vercel/ncc/-/ncc-0.38.0.tgz#5210def0dcf0c79640bfaf16eecce54beed58fa6"
  integrity sha512-B4YKZMm/EqMptKSFyAq4q2SlgJe+VCmEH6Y8gf/E1pTlWbsUJpuH1ymik2Ex3aYO5mCWwV1kaSYHSQOT8+4vHA==

before-after-hook@^2.2.0:
  version "2.2.3"
  resolved "https://registry.yarnpkg.com/before-after-hook/-/before-after-hook-2.2.3.tgz#c51e809c81a4e354084422b9b26bad88249c517c"
  integrity sha512-NzUnlZexiaH/46WDhANlyR2bXRopNg4F/zuSA3OpZnllCUgRaOF2znDioDWrmbNVsuZk6l9pMquQB38cfBZwkQ==

bowser@^2.11.0:
  version "2.11.0"
  resolved "https://registry.yarnpkg.com/bowser/-/bowser-2.11.0.tgz#5ca3c35757a7aa5771500c70a73a9f91ef420a8f"
  integrity sha512-AlcaJBi/pqqJBIQ8U9Mcpc9i8Aqxn88Skv5d+xBX006BY5u8N3mGLHa5Lgppa7L/HfwgwLgZ6NYs+Ag6uUmJRA==

deprecation@^2.0.0, deprecation@^2.3.1:
  version "2.3.1"
  resolved "https://registry.yarnpkg.com/deprecation/-/deprecation-2.3.1.tgz#6368cbdb40abf3373b525ac87e4a260c3a700919"
  integrity sha512-xmHIy4F3scKVwMsQ4WnVaS8bHOx0DmVwRywosKhaILI0ywMDWPtBSku2HNxRvF7jtwDRsoEwYQSfbxj8b7RlJQ==

fast-xml-parser@4.2.5:
  version "4.2.5"
  resolved "https://registry.yarnpkg.com/fast-xml-parser/-/fast-xml-parser-4.2.5.tgz#a6747a09296a6cb34f2ae634019bf1738f3b421f"
  integrity sha512-B9/wizE4WngqQftFPmdaMYlXoJlJOYxGQOanC77fq9k8+Z0v5dDSVh+3glErdIROP//s/jgb7ZuxKfB8nVyo0g==
  dependencies:
    strnum "^1.0.5"

is-plain-object@^5.0.0:
  version "5.0.0"
  resolved "https://registry.yarnpkg.com/is-plain-object/-/is-plain-object-5.0.0.tgz#4427f50ab3429e9025ea7d52e9043a9ef4159344"
  integrity sha512-VRSzKkbMm5jMDoKLbltAkFQ5Qr7VDiTFGXxYFXXowVj387GeGNOCsOH6Msy00SGZ3Fp84b1Naa1psqgcCIEP5Q==

node-fetch@^2.6.7:
  version "2.7.0"
  resolved "https://registry.yarnpkg.com/node-fetch/-/node-fetch-2.7.0.tgz#d0f0fa6e3e2dc1d27efcd8ad99d550bda94d187d"
  integrity sha512-c4FRfUm/dbcWZ7U+1Wq0AwCyFL+3nt2bEw05wfxSz+DWpWsitgmSgYmy2dQdWyKC1694ELPqMs/YzUSNozLt8A==
  dependencies:
    whatwg-url "^5.0.0"

once@^1.4.0:
  version "1.4.0"
  resolved "https://registry.yarnpkg.com/once/-/once-1.4.0.tgz#583b1aa775961d4b113ac17d9c50baef9dd76bd1"
  integrity sha512-lNaJgI+2Q5URQBkccEKHTQOPaXdUxnZZElQTZY0MFUAuaEqe1E+Nyvgdz/aIyNi6Z9MzO5dv1H8n58/GELp3+w==
  dependencies:
    wrappy "1"

strnum@^1.0.5:
  version "1.0.5"
  resolved "https://registry.yarnpkg.com/strnum/-/strnum-1.0.5.tgz#5c4e829fe15ad4ff0d20c3db5ac97b73c9b072db"
  integrity sha512-J8bbNyKKXl5qYcR36TIO8W3mVGVHrmmxsd5PAItGkmyzwJvybiw2IVq5nqd0i4LSNSkB/sx9VHllbfFdr9k1JA==

tr46@~0.0.3:
  version "0.0.3"
  resolved "https://registry.yarnpkg.com/tr46/-/tr46-0.0.3.tgz#8184fd347dac9cdc185992f3a6622e14b9d9ab6a"
  integrity sha512-N3WMsuqV66lT30CrXNbEjx4GEwlow3v6rr4mCcv6prnfwhS01rkgyFdjPNBYd9br7LpXV1+Emh01fHnq2Gdgrw==

tslib@^1.11.1:
  version "1.14.1"
  resolved "https://registry.yarnpkg.com/tslib/-/tslib-1.14.1.tgz#cf2d38bdc34a134bcaf1091c41f6619e2f672d00"
  integrity sha512-Xni35NKzjgMrwevysHTCArtLDpPvye8zV/0E4EyYn43P7/7qvQwPh9BGkHewbMulVntbigmcT7rdX3BNo9wRJg==

tslib@^2.3.1, tslib@^2.5.0:
  version "2.6.2"
  resolved "https://registry.yarnpkg.com/tslib/-/tslib-2.6.2.tgz#703ac29425e7b37cd6fd456e92404d46d1f3e4ae"
  integrity sha512-AEYxH93jGFPn/a2iVAwW87VuUIkR1FVUKB77NwMF7nBTDkDrrT/Hpt/IrCJ0QXhW27jTBDcf5ZY7w6RiqTMw2Q==

tunnel@^0.0.6:
  version "0.0.6"
  resolved "https://registry.yarnpkg.com/tunnel/-/tunnel-0.0.6.tgz#72f1314b34a5b192db012324df2cc587ca47f92c"
  integrity sha512-1h/Lnq9yajKY2PEbBadPXj3VxsDDu844OnaAo52UVmIzIvwwtBPIuNvkjuzBlTWpfJyUbG3ez0KSBibQkj4ojg==

typescript@^5.2.2:
  version "5.2.2"
  resolved "https://registry.yarnpkg.com/typescript/-/typescript-5.2.2.tgz#5ebb5e5a5b75f085f22bc3f8460fba308310fa78"
  integrity sha512-mI4WrpHsbCIcwT9cF4FZvr80QUeKvsUsUvKDoR+X/7XHQH98xYD8YHZg7ANtz2GtZt/CBq2QJ0thkGJMHfqc1w==

universal-user-agent@^6.0.0:
  version "6.0.0"
  resolved "https://registry.yarnpkg.com/universal-user-agent/-/universal-user-agent-6.0.0.tgz#3381f8503b251c0d9cd21bc1de939ec9df5480ee"
  integrity sha512-isyNax3wXoKaulPDZWHQqbmIx1k2tb9fb3GGDBRxCscfYV2Ch7WxPArBsFEG8s/safwXTT7H4QGhaIkTp9447w==

uuid@^8.3.2:
  version "8.3.2"
  resolved "https://registry.yarnpkg.com/uuid/-/uuid-8.3.2.tgz#80d5b5ced271bb9af6c445f21a1a04c606cefbe2"
  integrity sha512-+NYs2QeMWy+GWFOEm9xnn6HCDp0l7QBD7ml8zLUmJ+93Q5NF0NocErnwkTkXVFNiX3/fpC6afS8Dhb/gz7R7eg==

webidl-conversions@^3.0.0:
  version "3.0.1"
  resolved "https://registry.yarnpkg.com/webidl-conversions/-/webidl-conversions-3.0.1.tgz#24534275e2a7bc6be7bc86611cc16ae0a5654871"
  integrity sha512-2JAn3z8AR6rjK8Sm8orRC0h/bcl/DqL7tRPdGZ4I1CjdF+EaMLmYxBHyXuKL849eucPFhvBoxMsflfOb8kxaeQ==

whatwg-url@^5.0.0:
  version "5.0.0"
  resolved "https://registry.yarnpkg.com/whatwg-url/-/whatwg-url-5.0.0.tgz#966454e8765462e37644d3626f6742ce8b70965d"
  integrity sha512-saE57nupxk6v3HY35+jzBwYa0rKSy0XR8JSxZPwgLr7ys0IBzhGviA1/TUGJLmSVqs8pb9AnvICXEuOHLprYTw==
  dependencies:
    tr46 "~0.0.3"
    webidl-conversions "^3.0.0"

wrappy@1:
  version "1.0.2"
  resolved "https://registry.yarnpkg.com/wrappy/-/wrappy-1.0.2.tgz#b5243d8f3ec1aa35f1364605bc0d1036e30ab69f"
  integrity sha512-l4Sp/DRseor9wL6EvV2+TuQn63dMkPjZ/sp9XkghTEbV9KlPS1xUsZ3u7/IQO4wxtcFB4bgpQPRcR3QCvezPcQ==
